
Microsoft Visual Studio Solution File, Format Version 12.00
# Visual Studio Version 17
VisualStudioVersion = 17.11.35303.130
MinimumVisualStudioVersion = 10.0.40219.1
Project("{FAE04EC0-301F-11D3-BF4B-00C04F79EFBC}") = "MicroservicioCuentaMovimientos", "MicroservicioCuentaMovimientos.csproj", "{30585B8C-A628-487F-A1AA-93230A7B092F}"
EndProject
Project("{FAE04EC0-301F-11D3-BF4B-00C04F79EFBC}") = "MicroservicioClientePersona", "..\BackEnd(Cuenta-Movimientos)\MicroservicioClientePersona.csproj", "{171363B8-12FC-46B6-BDD7-6D4F10B7B4AF}"
EndProject
Global
	GlobalSection(SolutionConfigurationPlatforms) = preSolution
		Debug|Any CPU = Debug|Any CPU
		Release|Any CPU = Release|Any CPU
	EndGlobalSection
	GlobalSection(ProjectConfigurationPlatforms) = postSolution
		{30585B8C-A628-487F-A1AA-93230A7B092F}.Debug|Any CPU.ActiveCfg = Debug|Any CPU
		{30585B8C-A628-487F-A1AA-93230A7B092F}.Debug|Any CPU.Build.0 = Debug|Any CPU
		{30585B8C-A628-487F-A1AA-93230A7B092F}.Release|Any CPU.ActiveCfg = Release|Any CPU
		{30585B8C-A628-487F-A1AA-93230A7B092F}.Release|Any CPU.Build.0 = Release|Any CPU
		{171363B8-12FC-46B6-BDD7-6D4F10B7B4AF}.Debug|Any CPU.ActiveCfg = Debug|Any CPU
		{171363B8-12FC-46B6-BDD7-6D4F10B7B4AF}.Debug|Any CPU.Build.0 = Debug|Any CPU
		{171363B8-12FC-46B6-BDD7-6D4F10B7B4AF}.Release|Any CPU.ActiveCfg = Release|Any CPU
		{171363B8-12FC-46B6-BDD7-6D4F10B7B4AF}.Release|Any CPU.Build.0 = Release|Any CPU
	EndGlobalSection
	GlobalSection(SolutionProperties) = preSolution
		HideSolutionNode = FALSE
	EndGlobalSection
	GlobalSection(ExtensibilityGlobals) = postSolution
		SolutionGuid = {207199F5-9C36-43F3-A4DA-77DB73518986}
	EndGlobalSection
EndGlobal
